
Microsoft Visual Studio Solution File, Format Version 12.00
# Visual Studio Version 17
VisualStudioVersion = 17.4.33103.184
MinimumVisualStudioVersion = 10.0.40219.1
Project("{FAE04EC0-301F-11D3-BF4B-00C04F79EFBC}") = "TaskManager", "TaskManager.csproj", "{42686DE7-62D0-483E-B005-39E87A89D052}"
EndProject
Global
	GlobalSection(SolutionConfigurationPlatforms) = preSolution
		Debug|Any CPU = Debug|Any CPU
		Release|Any CPU = Release|Any CPU
	EndGlobalSection
	GlobalSection(ProjectConfigurationPlatforms) = postSolution
		{42686DE7-62D0-483E-B005-39E87A89D052}.Debug|Any CPU.ActiveCfg = Debug|Any CPU
		{42686DE7-62D0-483E-B005-39E87A89D052}.Debug|Any CPU.Build.0 = Debug|Any CPU
		{42686DE7-62D0-483E-B005-39E87A89D052}.Release|Any CPU.ActiveCfg = Release|Any CPU
		{42686DE7-62D0-483E-B005-39E87A89D052}.Release|Any CPU.Build.0 = Release|Any CPU
	EndGlobalSection
	GlobalSection(SolutionProperties) = preSolution
		HideSolutionNode = FALSE
	EndGlobalSection
	GlobalSection(ExtensibilityGlobals) = postSolution
		SolutionGuid = {16D8AF83-70B5-4822-959A-03B3E9C8B511}
	EndGlobalSection
EndGlobal
